
Microsoft Visual Studio Solution File, Format Version 12.00
# Visual Studio Version 17
VisualStudioVersion = 17.2.32519.379
MinimumVisualStudioVersion = 10.0.40219.1
Project("{FAE04EC0-301F-11D3-BF4B-00C04F79EFBC}") = "Stundenrechner", "Stundenrechner\Stundenrechner.csproj", "{567A5366-C109-4957-953E-69CECD25FB54}"
EndProject
Global
	GlobalSection(SolutionConfigurationPlatforms) = preSolution
		Debug|Any CPU = Debug|Any CPU
		Release|Any CPU = Release|Any CPU
	EndGlobalSection
	GlobalSection(ProjectConfigurationPlatforms) = postSolution
		{567A5366-C109-4957-953E-69CECD25FB54}.Debug|Any CPU.ActiveCfg = Debug|Any CPU
		{567A5366-C109-4957-953E-69CECD25FB54}.Debug|Any CPU.Build.0 = Debug|Any CPU
		{567A5366-C109-4957-953E-69CECD25FB54}.Release|Any CPU.ActiveCfg = Release|Any CPU
		{567A5366-C109-4957-953E-69CECD25FB54}.Release|Any CPU.Build.0 = Release|Any CPU
	EndGlobalSection
	GlobalSection(SolutionProperties) = preSolution
		HideSolutionNode = FALSE
	EndGlobalSection
	GlobalSection(ExtensibilityGlobals) = postSolution
		SolutionGuid = {9B5DBA41-8DE5-4F93-A8C5-E7BDF7CDF320}
	EndGlobalSection
EndGlobal
